
Microsoft Visual Studio Solution File, Format Version 12.00
# Visual Studio Version 16
VisualStudioVersion = 16.0.29806.167
MinimumVisualStudioVersion = 10.0.40219.1
Project("{8BC9CEB8-8B4A-11D0-8D11-00A0C91BC942}") = "Chap02App", "Chap02App\Chap02App.vcxproj", "{AE4A0C08-504A-42D7-B00D-8A10A2BA74B5}"
EndProject
Project("{8BC9CEB8-8B4A-11D0-8D11-00A0C91BC942}") = "Chap03App", "Chap03App\Chap03App.vcxproj", "{07316758-0247-493D-BEEE-E2AE910B3F69}"
EndProject
Project("{8BC9CEB8-8B4A-11D0-8D11-00A0C91BC942}") = "Chap04App", "Chap04App\Chap04App.vcxproj", "{89AF8B41-3504-4BB5-AB54-B396926A6194}"
EndProject
Global
	GlobalSection(SolutionConfigurationPlatforms) = preSolution
		Debug|x64 = Debug|x64
		Debug|x86 = Debug|x86
		Release|x64 = Release|x64
		Release|x86 = Release|x86
	EndGlobalSection
	GlobalSection(ProjectConfigurationPlatforms) = postSolution
		{AE4A0C08-504A-42D7-B00D-8A10A2BA74B5}.Debug|x64.ActiveCfg = Debug|x64
		{AE4A0C08-504A-42D7-B00D-8A10A2BA74B5}.Debug|x64.Build.0 = Debug|x64
		{AE4A0C08-504A-42D7-B00D-8A10A2BA74B5}.Debug|x86.ActiveCfg = Debug|Win32
		{AE4A0C08-504A-42D7-B00D-8A10A2BA74B5}.Debug|x86.Build.0 = Debug|Win32
		{AE4A0C08-504A-42D7-B00D-8A10A2BA74B5}.Release|x64.ActiveCfg = Release|x64
		{AE4A0C08-504A-42D7-B00D-8A10A2BA74B5}.Release|x64.Build.0 = Release|x64
		{AE4A0C08-504A-42D7-B00D-8A10A2BA74B5}.Release|x86.ActiveCfg = Release|Win32
		{AE4A0C08-504A-42D7-B00D-8A10A2BA74B5}.Release|x86.Build.0 = Release|Win32
		{07316758-0247-493D-BEEE-E2AE910B3F69}.Debug|x64.ActiveCfg = Debug|x64
		{07316758-0247-493D-BEEE-E2AE910B3F69}.Debug|x64.Build.0 = Debug|x64
		{07316758-0247-493D-BEEE-E2AE910B3F69}.Debug|x86.ActiveCfg = Debug|Win32
		{07316758-0247-493D-BEEE-E2AE910B3F69}.Debug|x86.Build.0 = Debug|Win32
		{07316758-0247-493D-BEEE-E2AE910B3F69}.Release|x64.ActiveCfg = Release|x64
		{07316758-0247-493D-BEEE-E2AE910B3F69}.Release|x64.Build.0 = Release|x64
		{07316758-0247-493D-BEEE-E2AE910B3F69}.Release|x86.ActiveCfg = Release|Win32
		{07316758-0247-493D-BEEE-E2AE910B3F69}.Release|x86.Build.0 = Release|Win32
		{89AF8B41-3504-4BB5-AB54-B396926A6194}.Debug|x64.ActiveCfg = Debug|x64
		{89AF8B41-3504-4BB5-AB54-B396926A6194}.Debug|x64.Build.0 = Debug|x64
		{89AF8B41-3504-4BB5-AB54-B396926A6194}.Debug|x86.ActiveCfg = Debug|Win32
		{89AF8B41-3504-4BB5-AB54-B396926A6194}.Debug|x86.Build.0 = Debug|Win32
		{89AF8B41-3504-4BB5-AB54-B396926A6194}.Release|x64.ActiveCfg = Release|x64
		{89AF8B41-3504-4BB5-AB54-B396926A6194}.Release|x64.Build.0 = Release|x64
		{89AF8B41-3504-4BB5-AB54-B396926A6194}.Release|x86.ActiveCfg = Release|Win32
		{89AF8B41-3504-4BB5-AB54-B396926A6194}.Release|x86.Build.0 = Release|Win32
	EndGlobalSection
	GlobalSection(SolutionProperties) = preSolution
		HideSolutionNode = FALSE
	EndGlobalSection
	GlobalSection(ExtensibilityGlobals) = postSolution
		SolutionGuid = {3A1A78D5-7CC4-4E59-9405-1119074DCC2C}
	EndGlobalSection
EndGlobal
